
Microsoft Visual Studio Solution File, Format Version 12.00
# Visual Studio Version 16
VisualStudioVersion = 16.0.29009.5
MinimumVisualStudioVersion = 10.0.40219.1
Project("{FAE04EC0-301F-11D3-BF4B-00C04F79EFBC}") = "LotniskoGH", "LotniskoGH\LotniskoGH.csproj", "{5A254FF9-8154-4D4A-A615-4E422CD3109F}"
EndProject
Global
	GlobalSection(SolutionConfigurationPlatforms) = preSolution
		Debug|Any CPU = Debug|Any CPU
		Release|Any CPU = Release|Any CPU
	EndGlobalSection
	GlobalSection(ProjectConfigurationPlatforms) = postSolution
		{5A254FF9-8154-4D4A-A615-4E422CD3109F}.Debug|Any CPU.ActiveCfg = Debug|Any CPU
		{5A254FF9-8154-4D4A-A615-4E422CD3109F}.Debug|Any CPU.Build.0 = Debug|Any CPU
		{5A254FF9-8154-4D4A-A615-4E422CD3109F}.Release|Any CPU.ActiveCfg = Release|Any CPU
		{5A254FF9-8154-4D4A-A615-4E422CD3109F}.Release|Any CPU.Build.0 = Release|Any CPU
	EndGlobalSection
	GlobalSection(SolutionProperties) = preSolution
		HideSolutionNode = FALSE
	EndGlobalSection
	GlobalSection(ExtensibilityGlobals) = postSolution
		SolutionGuid = {D2DE055B-6B5C-4AE5-B346-7F5CD0456CFD}
	EndGlobalSection
EndGlobal
